
Microsoft Visual Studio Solution File, Format Version 12.00
# Visual Studio Version 16
VisualStudioVersion = 16.0.31410.357
MinimumVisualStudioVersion = 10.0.40219.1
Project("{FAE04EC0-301F-11D3-BF4B-00C04F79EFBC}") = "Lesson 4_2", "Lesson 4_2\Lesson 4_2.csproj", "{A3986D61-14DF-4C2F-BC5E-EBE5B660E733}"
EndProject
Global
	GlobalSection(SolutionConfigurationPlatforms) = preSolution
		Debug|Any CPU = Debug|Any CPU
		Release|Any CPU = Release|Any CPU
	EndGlobalSection
	GlobalSection(ProjectConfigurationPlatforms) = postSolution
		{A3986D61-14DF-4C2F-BC5E-EBE5B660E733}.Debug|Any CPU.ActiveCfg = Debug|Any CPU
		{A3986D61-14DF-4C2F-BC5E-EBE5B660E733}.Debug|Any CPU.Build.0 = Debug|Any CPU
		{A3986D61-14DF-4C2F-BC5E-EBE5B660E733}.Release|Any CPU.ActiveCfg = Release|Any CPU
		{A3986D61-14DF-4C2F-BC5E-EBE5B660E733}.Release|Any CPU.Build.0 = Release|Any CPU
	EndGlobalSection
	GlobalSection(SolutionProperties) = preSolution
		HideSolutionNode = FALSE
	EndGlobalSection
	GlobalSection(ExtensibilityGlobals) = postSolution
		SolutionGuid = {FFBFBC64-B41B-4482-BEEE-4999B1B8928F}
	EndGlobalSection
EndGlobal
